
Microsoft Visual Studio Solution File, Format Version 12.00
# Visual Studio Version 17
VisualStudioVersion = 17.0.31903.59
MinimumVisualStudioVersion = 10.0.40219.1
Project("{9A19103F-16F7-4668-BE54-9A1E7A4F7556}") = "Brackets", "Brackets\Brackets.csproj", "{11D7F91B-6263-42C0-8353-83700896908A}"
EndProject
Project("{9A19103F-16F7-4668-BE54-9A1E7A4F7556}") = "Brackets.Tests", "Brackets.Tests\Brackets.Tests.csproj", "{66EE2576-4CD7-4789-8418-316991C055B3}"
EndProject
Project("{9A19103F-16F7-4668-BE54-9A1E7A4F7556}") = "Palindrome", "Palindrome\Palindrome.csproj", "{D729A066-C73B-436F-B74E-7851C66B2E8A}"
EndProject
Project("{9A19103F-16F7-4668-BE54-9A1E7A4F7556}") = "Palindrome.Tests", "Palindrome.Tests\Palindrome.Tests.csproj", "{41BC3F52-DA11-4EF5-ACDC-82E028C3A229}"
EndProject
Project("{FAE04EC0-301F-11D3-BF4B-00C04F79EFBC}") = "Kangaroo", "Kangaroo\Kangaroo.csproj", "{DCB1E63A-F492-4388-A166-D6C3F946BF79}"
EndProject
Project("{FAE04EC0-301F-11D3-BF4B-00C04F79EFBC}") = "Kangaroo.Teests", "Kangaroo.Teests\Kangaroo.Teests.csproj", "{D05DEECB-38B2-40CE-A0BB-87CFB17DAA61}"
EndProject
Global
	GlobalSection(SolutionConfigurationPlatforms) = preSolution
		Debug|Any CPU = Debug|Any CPU
		Release|Any CPU = Release|Any CPU
	EndGlobalSection
	GlobalSection(ProjectConfigurationPlatforms) = postSolution
		{11D7F91B-6263-42C0-8353-83700896908A}.Debug|Any CPU.ActiveCfg = Debug|Any CPU
		{11D7F91B-6263-42C0-8353-83700896908A}.Debug|Any CPU.Build.0 = Debug|Any CPU
		{11D7F91B-6263-42C0-8353-83700896908A}.Release|Any CPU.ActiveCfg = Release|Any CPU
		{11D7F91B-6263-42C0-8353-83700896908A}.Release|Any CPU.Build.0 = Release|Any CPU
		{66EE2576-4CD7-4789-8418-316991C055B3}.Debug|Any CPU.ActiveCfg = Debug|Any CPU
		{66EE2576-4CD7-4789-8418-316991C055B3}.Debug|Any CPU.Build.0 = Debug|Any CPU
		{66EE2576-4CD7-4789-8418-316991C055B3}.Release|Any CPU.ActiveCfg = Release|Any CPU
		{66EE2576-4CD7-4789-8418-316991C055B3}.Release|Any CPU.Build.0 = Release|Any CPU
		{D729A066-C73B-436F-B74E-7851C66B2E8A}.Debug|Any CPU.ActiveCfg = Debug|Any CPU
		{D729A066-C73B-436F-B74E-7851C66B2E8A}.Debug|Any CPU.Build.0 = Debug|Any CPU
		{D729A066-C73B-436F-B74E-7851C66B2E8A}.Release|Any CPU.ActiveCfg = Release|Any CPU
		{D729A066-C73B-436F-B74E-7851C66B2E8A}.Release|Any CPU.Build.0 = Release|Any CPU
		{41BC3F52-DA11-4EF5-ACDC-82E028C3A229}.Debug|Any CPU.ActiveCfg = Debug|Any CPU
		{41BC3F52-DA11-4EF5-ACDC-82E028C3A229}.Debug|Any CPU.Build.0 = Debug|Any CPU
		{41BC3F52-DA11-4EF5-ACDC-82E028C3A229}.Release|Any CPU.ActiveCfg = Release|Any CPU
		{41BC3F52-DA11-4EF5-ACDC-82E028C3A229}.Release|Any CPU.Build.0 = Release|Any CPU
		{DCB1E63A-F492-4388-A166-D6C3F946BF79}.Debug|Any CPU.ActiveCfg = Debug|Any CPU
		{DCB1E63A-F492-4388-A166-D6C3F946BF79}.Debug|Any CPU.Build.0 = Debug|Any CPU
		{DCB1E63A-F492-4388-A166-D6C3F946BF79}.Release|Any CPU.ActiveCfg = Release|Any CPU
		{DCB1E63A-F492-4388-A166-D6C3F946BF79}.Release|Any CPU.Build.0 = Release|Any CPU
		{D05DEECB-38B2-40CE-A0BB-87CFB17DAA61}.Debug|Any CPU.ActiveCfg = Debug|Any CPU
		{D05DEECB-38B2-40CE-A0BB-87CFB17DAA61}.Debug|Any CPU.Build.0 = Debug|Any CPU
		{D05DEECB-38B2-40CE-A0BB-87CFB17DAA61}.Release|Any CPU.ActiveCfg = Release|Any CPU
		{D05DEECB-38B2-40CE-A0BB-87CFB17DAA61}.Release|Any CPU.Build.0 = Release|Any CPU
	EndGlobalSection
	GlobalSection(SolutionProperties) = preSolution
		HideSolutionNode = FALSE
	EndGlobalSection
	GlobalSection(ExtensibilityGlobals) = postSolution
		SolutionGuid = {F04D9E7B-87C2-4322-AFD6-808CFC9AD8A4}
	EndGlobalSection
EndGlobal
